<?xml version="1.0" encoding="UTF-8" standalone="yes" ?>
<CodeBlocks_project_file>
	<FileVersion major="1" minor="6" />
	<Project>
		<Option title="Casse_brique" />
		<Option pch_mode="2" />
		<Option compiler="gcc" />
		<Build>
			<Target title="Debug">
				<Option output="bin/Debug/Casse_brique" prefix_auto="1" extension_auto="1" />
				<Option object_output="obj/Debug/" />
				<Option type="1" />
				<Option compiler="gcc" />
				<Compiler>
					<Add option="-g" />
				</Compiler>
			</Target>
			<Target title="Release">
				<Option output="bin/Release/Casse_brique" prefix_auto="1" extension_auto="1" />
				<Option object_output="obj/Release/" />
				<Option type="1" />
				<Option compiler="gcc" />
				<Compiler>
					<Add option="-O2" />
				</Compiler>
				<Linker>
					<Add option="-s" />
				</Linker>
			</Target>
		</Build>
		<Compiler>
			<Add option="-Wall" />
			<Add option="-fexceptions" />
		</Compiler>
		<Unit filename="affichageJeu.cpp" />
		<Unit filename="affichageJeu.h" />
		<Unit filename="balle.cpp" />
		<Unit filename="balle.h" />
		<Unit filename="brique.cpp" />
		<Unit filename="brique.h" />
		<Unit filename="calculateur.cpp" />
		<Unit filename="calculateur.h" />
		<Unit filename="element.cpp" />
		<Unit filename="element.h" />
		<Unit filename="elementMouvant.cpp" />
		<Unit filename="elementMouvant.h" />
		<Unit filename="enveloppe.cpp" />
		<Unit filename="enveloppe.h" />
		<Unit filename="graphics.h" />
		<Unit filename="jeu.cpp" />
		<Unit filename="jeu.h" />
		<Unit filename="main.cpp" />
		<Unit filename="mainTest.cpp" />
		<Unit filename="position.cpp" />
		<Unit filename="position.h" />
		<Unit filename="raquette.cpp" />
		<Unit filename="raquette.h" />
		<Unit filename="terrain.cpp" />
		<Unit filename="terrain.h" />
		<Unit filename="vecteur.cpp" />
		<Unit filename="vecteur.h" />
		<Unit filename="winbgi.cpp" />
		<Extensions>
			<code_completion />
			<envvars />
			<debugger />
		</Extensions>
	</Project>
</CodeBlocks_project_file>
